{
  "requires": true,
  "lockfileVersion": 1,
  "dependencies": {
    "animejs": {
      "version": "3.2.1",
      "resolved": "https://registry.npmjs.org/animejs/-/animejs-3.2.1.tgz",
      "integrity": "sha512-sWno3ugFryK5nhiDm/2BKeFCpZv7vzerWUcUPyAZLDhMek3+S/p418ldZJbJXo5ZUOpfm2kP2XRO4NJcULMy9A=="
    },
    "vue2-smooth-scroll": {
      "version": "1.5.1",
      "resolved": "https://registry.npmjs.org/vue2-smooth-scroll/-/vue2-smooth-scroll-1.5.1.tgz",
      "integrity": "sha512-oiDgdOQZf+6lKs+8yFD63i6LepLcUJVGc1CYJmYRzag7n2fQ3ywJAVn9jaqL2AVpDV1v1qNYQETcdAjVUpSB1g=="
    }
  }
}
